
Microsoft Visual Studio Solution File, Format Version 10.00
# Visual Studio 2008
Project("{2150E333-8FDC-42A3-9474-1A3956D46DE8}") = "AutoRegistration", "AutoRegistration", "{4512E1C1-37A2-48F1-93EF-C4984D34F7A2}"
EndProject
Project("{2150E333-8FDC-42A3-9474-1A3956D46DE8}") = "Tests", "Tests", "{1566A6DE-43CA-4953-896E-D9B55F989378}"
	ProjectSection(SolutionItems) = preProject
		LocalTestRun.testrunconfig = LocalTestRun.testrunconfig
		UnityAutoRegistration.vsmdi = UnityAutoRegistration.vsmdi
	EndProjectSection
EndProject
Project("{2150E333-8FDC-42A3-9474-1A3956D46DE8}") = "Unity", "Unity", "{1C52E3DA-150D-42FE-AD0A-09990A9B5671}"
	ProjectSection(SolutionItems) = preProject
		Unity\Microsoft.Practices.ObjectBuilder2.dll = Unity\Microsoft.Practices.ObjectBuilder2.dll
		Unity\Microsoft.Practices.ObjectBuilder2.pdb = Unity\Microsoft.Practices.ObjectBuilder2.pdb
		Unity\Microsoft.Practices.ObjectBuilder2.xml = Unity\Microsoft.Practices.ObjectBuilder2.xml
		Unity\Microsoft.Practices.Unity.Configuration.dll = Unity\Microsoft.Practices.Unity.Configuration.dll
		Unity\Microsoft.Practices.Unity.Configuration.pdb = Unity\Microsoft.Practices.Unity.Configuration.pdb
		Unity\Microsoft.Practices.Unity.Configuration.xml = Unity\Microsoft.Practices.Unity.Configuration.xml
		Unity\Microsoft.Practices.Unity.dll = Unity\Microsoft.Practices.Unity.dll
		Unity\Microsoft.Practices.Unity.Interception.Configuration.dll = Unity\Microsoft.Practices.Unity.Interception.Configuration.dll
		Unity\Microsoft.Practices.Unity.Interception.Configuration.pdb = Unity\Microsoft.Practices.Unity.Interception.Configuration.pdb
		Unity\Microsoft.Practices.Unity.Interception.Configuration.xml = Unity\Microsoft.Practices.Unity.Interception.Configuration.xml
		Unity\Microsoft.Practices.Unity.Interception.dll = Unity\Microsoft.Practices.Unity.Interception.dll
		Unity\Microsoft.Practices.Unity.Interception.pdb = Unity\Microsoft.Practices.Unity.Interception.pdb
		Unity\Microsoft.Practices.Unity.Interception.xml = Unity\Microsoft.Practices.Unity.Interception.xml
		Unity\Microsoft.Practices.Unity.pdb = Unity\Microsoft.Practices.Unity.pdb
		Unity\Microsoft.Practices.Unity.StaticFactory.dll = Unity\Microsoft.Practices.Unity.StaticFactory.dll
		Unity\Microsoft.Practices.Unity.StaticFactory.pdb = Unity\Microsoft.Practices.Unity.StaticFactory.pdb
		Unity\Microsoft.Practices.Unity.StaticFactory.xml = Unity\Microsoft.Practices.Unity.StaticFactory.xml
		Unity\Microsoft.Practices.Unity.xml = Unity\Microsoft.Practices.Unity.xml
	EndProjectSection
EndProject
Project("{FAE04EC0-301F-11D3-BF4B-00C04F79EFBC}") = "Tests.ExternalAssembly", "Tests.ExternalAssembly\Tests.ExternalAssembly.csproj", "{8A5CF548-A25D-4B8D-9D96-829E1AC42D23}"
EndProject
Project("{FAE04EC0-301F-11D3-BF4B-00C04F79EFBC}") = "Tests.Contract", "Tests.Contract\Tests.Contract.csproj", "{37D66491-A4A0-4884-97B6-09B6C4875834}"
EndProject
Project("{FAE04EC0-301F-11D3-BF4B-00C04F79EFBC}") = "Unity.AutoRegistration", "Unity.AutoRegistration\Unity.AutoRegistration.csproj", "{89704B3A-0A7A-4BDE-99EC-241A136F0868}"
EndProject
Project("{FAE04EC0-301F-11D3-BF4B-00C04F79EFBC}") = "Tests.AutoRegistration", "Tests.AutoRegistration\Tests.AutoRegistration.csproj", "{E42A2373-AC3D-484E-B2AB-E658A7ED4EE2}"
EndProject
Project("{2150E333-8FDC-42A3-9474-1A3956D46DE8}") = "Moq", "Moq", "{13B0EAEE-D095-42CD-A6F5-F886895922E7}"
	ProjectSection(SolutionItems) = preProject
		Moq\Moq.dll = Moq\Moq.dll
		Moq\Moq.pdb = Moq\Moq.pdb
		Moq\Moq.xml = Moq\Moq.xml
	EndProjectSection
EndProject
Global
	GlobalSection(SolutionConfigurationPlatforms) = preSolution
		Debug|Any CPU = Debug|Any CPU
		Release|Any CPU = Release|Any CPU
	EndGlobalSection
	GlobalSection(ProjectConfigurationPlatforms) = postSolution
		{8A5CF548-A25D-4B8D-9D96-829E1AC42D23}.Debug|Any CPU.ActiveCfg = Debug|Any CPU
		{8A5CF548-A25D-4B8D-9D96-829E1AC42D23}.Debug|Any CPU.Build.0 = Debug|Any CPU
		{8A5CF548-A25D-4B8D-9D96-829E1AC42D23}.Release|Any CPU.ActiveCfg = Release|Any CPU
		{8A5CF548-A25D-4B8D-9D96-829E1AC42D23}.Release|Any CPU.Build.0 = Release|Any CPU
		{37D66491-A4A0-4884-97B6-09B6C4875834}.Debug|Any CPU.ActiveCfg = Debug|Any CPU
		{37D66491-A4A0-4884-97B6-09B6C4875834}.Debug|Any CPU.Build.0 = Debug|Any CPU
		{37D66491-A4A0-4884-97B6-09B6C4875834}.Release|Any CPU.ActiveCfg = Release|Any CPU
		{37D66491-A4A0-4884-97B6-09B6C4875834}.Release|Any CPU.Build.0 = Release|Any CPU
		{89704B3A-0A7A-4BDE-99EC-241A136F0868}.Debug|Any CPU.ActiveCfg = Debug|Any CPU
		{89704B3A-0A7A-4BDE-99EC-241A136F0868}.Debug|Any CPU.Build.0 = Debug|Any CPU
		{89704B3A-0A7A-4BDE-99EC-241A136F0868}.Release|Any CPU.ActiveCfg = Release|Any CPU
		{89704B3A-0A7A-4BDE-99EC-241A136F0868}.Release|Any CPU.Build.0 = Release|Any CPU
		{E42A2373-AC3D-484E-B2AB-E658A7ED4EE2}.Debug|Any CPU.ActiveCfg = Debug|Any CPU
		{E42A2373-AC3D-484E-B2AB-E658A7ED4EE2}.Debug|Any CPU.Build.0 = Debug|Any CPU
		{E42A2373-AC3D-484E-B2AB-E658A7ED4EE2}.Release|Any CPU.ActiveCfg = Release|Any CPU
		{E42A2373-AC3D-484E-B2AB-E658A7ED4EE2}.Release|Any CPU.Build.0 = Release|Any CPU
	EndGlobalSection
	GlobalSection(SolutionProperties) = preSolution
		HideSolutionNode = FALSE
	EndGlobalSection
	GlobalSection(NestedProjects) = preSolution
		{89704B3A-0A7A-4BDE-99EC-241A136F0868} = {4512E1C1-37A2-48F1-93EF-C4984D34F7A2}
		{8A5CF548-A25D-4B8D-9D96-829E1AC42D23} = {1566A6DE-43CA-4953-896E-D9B55F989378}
		{37D66491-A4A0-4884-97B6-09B6C4875834} = {1566A6DE-43CA-4953-896E-D9B55F989378}
		{E42A2373-AC3D-484E-B2AB-E658A7ED4EE2} = {1566A6DE-43CA-4953-896E-D9B55F989378}
	EndGlobalSection
EndGlobal
