
Microsoft Visual Studio Solution File, Format Version 12.00
# Visual Studio 15
VisualStudioVersion = 15.0.27004.2002
MinimumVisualStudioVersion = 10.0.40219.1
Project("{2150E333-8FDC-42A3-9474-1A3956D46DE8}") = "AutoRegistration", "AutoRegistration", "{4512E1C1-37A2-48F1-93EF-C4984D34F7A2}"
EndProject
Project("{2150E333-8FDC-42A3-9474-1A3956D46DE8}") = "Tests", "Tests", "{1566A6DE-43CA-4953-896E-D9B55F989378}"
EndProject
Project("{9A19103F-16F7-4668-BE54-9A1E7A4F7556}") = "Unity.AutoRegistration", "Unity.AutoRegistration\Unity.AutoRegistration.csproj", "{4BD7688D-BDB6-47EE-9F0B-D61B57C10663}"
EndProject
Project("{9A19103F-16F7-4668-BE54-9A1E7A4F7556}") = "Tests.Contracts", "Tests.Contracts\Tests.Contracts.csproj", "{1E0DAB47-3D5D-4B8A-AAE3-D354AAC3170F}"
EndProject
Project("{9A19103F-16F7-4668-BE54-9A1E7A4F7556}") = "Tests.ExternalAssembly", "Tests.ExternalAssembly\Tests.ExternalAssembly.csproj", "{3E1922B1-E8ED-4A37-B8D7-73D104645A22}"
EndProject
Project("{9A19103F-16F7-4668-BE54-9A1E7A4F7556}") = "Tests.AutoRegistration", "Tests.AutoRegistration\Tests.AutoRegistration.csproj", "{75BFCBEE-D64C-421B-9B89-CD65065A0D16}"
EndProject
Global
	GlobalSection(SolutionConfigurationPlatforms) = preSolution
		Debug|Any CPU = Debug|Any CPU
		Release|Any CPU = Release|Any CPU
	EndGlobalSection
	GlobalSection(ProjectConfigurationPlatforms) = postSolution
		{4BD7688D-BDB6-47EE-9F0B-D61B57C10663}.Debug|Any CPU.ActiveCfg = Debug|Any CPU
		{4BD7688D-BDB6-47EE-9F0B-D61B57C10663}.Debug|Any CPU.Build.0 = Debug|Any CPU
		{4BD7688D-BDB6-47EE-9F0B-D61B57C10663}.Release|Any CPU.ActiveCfg = Release|Any CPU
		{4BD7688D-BDB6-47EE-9F0B-D61B57C10663}.Release|Any CPU.Build.0 = Release|Any CPU
		{1E0DAB47-3D5D-4B8A-AAE3-D354AAC3170F}.Debug|Any CPU.ActiveCfg = Debug|Any CPU
		{1E0DAB47-3D5D-4B8A-AAE3-D354AAC3170F}.Debug|Any CPU.Build.0 = Debug|Any CPU
		{1E0DAB47-3D5D-4B8A-AAE3-D354AAC3170F}.Release|Any CPU.ActiveCfg = Release|Any CPU
		{1E0DAB47-3D5D-4B8A-AAE3-D354AAC3170F}.Release|Any CPU.Build.0 = Release|Any CPU
		{3E1922B1-E8ED-4A37-B8D7-73D104645A22}.Debug|Any CPU.ActiveCfg = Debug|Any CPU
		{3E1922B1-E8ED-4A37-B8D7-73D104645A22}.Debug|Any CPU.Build.0 = Debug|Any CPU
		{3E1922B1-E8ED-4A37-B8D7-73D104645A22}.Release|Any CPU.ActiveCfg = Release|Any CPU
		{3E1922B1-E8ED-4A37-B8D7-73D104645A22}.Release|Any CPU.Build.0 = Release|Any CPU
		{75BFCBEE-D64C-421B-9B89-CD65065A0D16}.Debug|Any CPU.ActiveCfg = Debug|Any CPU
		{75BFCBEE-D64C-421B-9B89-CD65065A0D16}.Debug|Any CPU.Build.0 = Debug|Any CPU
		{75BFCBEE-D64C-421B-9B89-CD65065A0D16}.Release|Any CPU.ActiveCfg = Release|Any CPU
		{75BFCBEE-D64C-421B-9B89-CD65065A0D16}.Release|Any CPU.Build.0 = Release|Any CPU
	EndGlobalSection
	GlobalSection(SolutionProperties) = preSolution
		HideSolutionNode = FALSE
	EndGlobalSection
	GlobalSection(NestedProjects) = preSolution
		{4BD7688D-BDB6-47EE-9F0B-D61B57C10663} = {4512E1C1-37A2-48F1-93EF-C4984D34F7A2}
		{1E0DAB47-3D5D-4B8A-AAE3-D354AAC3170F} = {1566A6DE-43CA-4953-896E-D9B55F989378}
		{3E1922B1-E8ED-4A37-B8D7-73D104645A22} = {1566A6DE-43CA-4953-896E-D9B55F989378}
		{75BFCBEE-D64C-421B-9B89-CD65065A0D16} = {1566A6DE-43CA-4953-896E-D9B55F989378}
	EndGlobalSection
	GlobalSection(ExtensibilityGlobals) = postSolution
		SolutionGuid = {796D3DA9-4817-499E-99C8-039D41B89969}
		EnterpriseLibraryConfigurationToolBinariesPath = packages\Unity.2.1.505.0\lib\NET35
	EndGlobalSection
	GlobalSection(TestCaseManagementSettings) = postSolution
		CategoryFile = UnityAutoRegistration.vsmdi
	EndGlobalSection
EndGlobal
